
Microsoft Visual Studio Solution File, Format Version 12.00
# Visual Studio 15
VisualStudioVersion = 15.0.26711.1
MinimumVisualStudioVersion = 10.0.40219.1
Project("{FAE04EC0-301F-11D3-BF4B-00C04F79EFBC}") = "TestApp", "TestApp\TestApp.csproj", "{47A43810-7C3F-4BB7-B999-30F1FD57B55B}"
EndProject
Project("{FAE04EC0-301F-11D3-BF4B-00C04F79EFBC}") = "JaLib", "JaLib\JaLib.csproj", "{7B31F315-EF20-43FA-9A35-8FF182326046}"
EndProject
Global
	GlobalSection(SolutionConfigurationPlatforms) = preSolution
		Debug|Any CPU = Debug|Any CPU
		Release|Any CPU = Release|Any CPU
	EndGlobalSection
	GlobalSection(ProjectConfigurationPlatforms) = postSolution
		{47A43810-7C3F-4BB7-B999-30F1FD57B55B}.Debug|Any CPU.ActiveCfg = Debug|Any CPU
		{47A43810-7C3F-4BB7-B999-30F1FD57B55B}.Debug|Any CPU.Build.0 = Debug|Any CPU
		{47A43810-7C3F-4BB7-B999-30F1FD57B55B}.Release|Any CPU.ActiveCfg = Release|Any CPU
		{47A43810-7C3F-4BB7-B999-30F1FD57B55B}.Release|Any CPU.Build.0 = Release|Any CPU
		{7B31F315-EF20-43FA-9A35-8FF182326046}.Debug|Any CPU.ActiveCfg = Debug|Any CPU
		{7B31F315-EF20-43FA-9A35-8FF182326046}.Debug|Any CPU.Build.0 = Debug|Any CPU
		{7B31F315-EF20-43FA-9A35-8FF182326046}.Release|Any CPU.ActiveCfg = Release|Any CPU
		{7B31F315-EF20-43FA-9A35-8FF182326046}.Release|Any CPU.Build.0 = Release|Any CPU
	EndGlobalSection
	GlobalSection(SolutionProperties) = preSolution
		HideSolutionNode = FALSE
	EndGlobalSection
	GlobalSection(ExtensibilityGlobals) = postSolution
		SolutionGuid = {57EBB59F-46D4-4E66-9ECB-394936910A39}
	EndGlobalSection
EndGlobal
